
Microsoft Visual Studio Solution File, Format Version 12.00
# Visual Studio Version 17
VisualStudioVersion = 17.1.32328.378
MinimumVisualStudioVersion = 10.0.40219.1
Project("{FAE04EC0-301F-11D3-BF4B-00C04F79EFBC}") = "Ebis", "ebis\Ebis.csproj", "{4A764958-07CB-45D2-84A6-CD68ED9506D4}"
EndProject
Project("{FAE04EC0-301F-11D3-BF4B-00C04F79EFBC}") = "Data", "Data\Data.csproj", "{F415E0EE-919D-4013-9EFE-3DF9604792F6}"
EndProject
Global
	GlobalSection(SolutionConfigurationPlatforms) = preSolution
		Debug|Any CPU = Debug|Any CPU
		Release|Any CPU = Release|Any CPU
	EndGlobalSection
	GlobalSection(ProjectConfigurationPlatforms) = postSolution
		{4A764958-07CB-45D2-84A6-CD68ED9506D4}.Debug|Any CPU.ActiveCfg = Debug|Any CPU
		{4A764958-07CB-45D2-84A6-CD68ED9506D4}.Debug|Any CPU.Build.0 = Debug|Any CPU
		{4A764958-07CB-45D2-84A6-CD68ED9506D4}.Release|Any CPU.ActiveCfg = Release|Any CPU
		{4A764958-07CB-45D2-84A6-CD68ED9506D4}.Release|Any CPU.Build.0 = Release|Any CPU
		{F415E0EE-919D-4013-9EFE-3DF9604792F6}.Debug|Any CPU.ActiveCfg = Debug|Any CPU
		{F415E0EE-919D-4013-9EFE-3DF9604792F6}.Debug|Any CPU.Build.0 = Debug|Any CPU
		{F415E0EE-919D-4013-9EFE-3DF9604792F6}.Release|Any CPU.ActiveCfg = Release|Any CPU
		{F415E0EE-919D-4013-9EFE-3DF9604792F6}.Release|Any CPU.Build.0 = Release|Any CPU
	EndGlobalSection
	GlobalSection(SolutionProperties) = preSolution
		HideSolutionNode = FALSE
	EndGlobalSection
	GlobalSection(ExtensibilityGlobals) = postSolution
		SolutionGuid = {1DDFAFF6-C84E-426F-9B75-DFC72A2BCDB3}
	EndGlobalSection
EndGlobal
